# THIS IS AN AUTOGENERATED FILE. DO NOT EDIT THIS FILE DIRECTLY.
# yarn lockfile v1


keytar@4.0.5:
  version "4.0.5"
  resolved "https://registry.yarnpkg.com/keytar/-/keytar-4.0.5.tgz#cc1255ef06eeea1a12440b773f7d4a375b048729"
  dependencies:
    nan "2.5.1"

nan@2.5.1:
  version "2.5.1"
  resolved "https://registry.yarnpkg.com/nan/-/nan-2.5.1.tgz#d5b01691253326a97a2bbee9e61c55d8d60351e2"
